
Microsoft Visual Studio Solution File, Format Version 12.00
# Visual Studio 15
VisualStudioVersion = 15.0.28010.2046
MinimumVisualStudioVersion = 10.0.40219.1
Project("{FAE04EC0-301F-11D3-BF4B-00C04F79EFBC}") = "TCPIPDemo", "TCPIPDemo\TCPIPDemo.csproj", "{A7DA4380-A21C-4E7E-92D1-882A170E5A2E}"
EndProject
Project("{FAE04EC0-301F-11D3-BF4B-00C04F79EFBC}") = "Client", "Client\Client.csproj", "{DC7637B1-67E0-49E3-BDF3-4562144D671A}"
EndProject
Global
	GlobalSection(SolutionConfigurationPlatforms) = preSolution
		Debug|Any CPU = Debug|Any CPU
		Release|Any CPU = Release|Any CPU
	EndGlobalSection
	GlobalSection(ProjectConfigurationPlatforms) = postSolution
		{A7DA4380-A21C-4E7E-92D1-882A170E5A2E}.Debug|Any CPU.ActiveCfg = Debug|Any CPU
		{A7DA4380-A21C-4E7E-92D1-882A170E5A2E}.Debug|Any CPU.Build.0 = Debug|Any CPU
		{A7DA4380-A21C-4E7E-92D1-882A170E5A2E}.Release|Any CPU.ActiveCfg = Release|Any CPU
		{A7DA4380-A21C-4E7E-92D1-882A170E5A2E}.Release|Any CPU.Build.0 = Release|Any CPU
		{DC7637B1-67E0-49E3-BDF3-4562144D671A}.Debug|Any CPU.ActiveCfg = Debug|Any CPU
		{DC7637B1-67E0-49E3-BDF3-4562144D671A}.Debug|Any CPU.Build.0 = Debug|Any CPU
		{DC7637B1-67E0-49E3-BDF3-4562144D671A}.Release|Any CPU.ActiveCfg = Release|Any CPU
		{DC7637B1-67E0-49E3-BDF3-4562144D671A}.Release|Any CPU.Build.0 = Release|Any CPU
	EndGlobalSection
	GlobalSection(SolutionProperties) = preSolution
		HideSolutionNode = FALSE
	EndGlobalSection
	GlobalSection(ExtensibilityGlobals) = postSolution
		SolutionGuid = {858BA6D7-BEDE-4BB4-916F-14F903C017EB}
	EndGlobalSection
EndGlobal
